// !$*UTF8*$!
{
	archiveVersion = 1;
	classes = {
	};
	objectVersion = 50;
	objects = {

/* Begin PBXBuildFile section */
		77FF479022F8B23B001DC170 /* AppDelegate.swift in Sources */ = {isa = PBXBuildFile; fileRef = 77FF478F22F8B23B001DC170 /* AppDelegate.swift */; };
		77FF479522F8B23B001DC170 /* Main.storyboard in Resources */ = {isa = PBXBuildFile; fileRef = 77FF479322F8B23B001DC170 /* Main.storyboard */; };
		77FF479722F8B23C001DC170 /* Assets.xcassets in Resources */ = {isa = PBXBuildFile; fileRef = 77FF479622F8B23C001DC170 /* Assets.xcassets */; };
		77FF479A22F8B23C001DC170 /* LaunchScreen.storyboard in Resources */ = {isa = PBXBuildFile; fileRef = 77FF479822F8B23C001DC170 /* LaunchScreen.storyboard */; };
		77FF47A422F8B26D001DC170 /* model in Resources */ = {isa = PBXBuildFile; fileRef = 77FF47A122F8B26D001DC170 /* model */; };
		77FF47A522F8B26D001DC170 /* Insert3D.swift in Sources */ = {isa = PBXBuildFile; fileRef = 77FF47A222F8B26D001DC170 /* Insert3D.swift */; };
		77FF47A622F8B26D001DC170 /* ViewController.swift in Sources */ = {isa = PBXBuildFile; fileRef = 77FF47A322F8B26D001DC170 /* ViewController.swift */; };
/* End PBXBuildFile section */

/* Begin PBXFileReference section */
		77FF478C22F8B23B001DC170 /* Insert3D-ios.app */ = {isa = PBXFileReference; explicitFileType = wrapper.application; includeInIndex = 0; path = "Insert3D-ios.app"; sourceTree = BUILT_PRODUCTS_DIR; };
		77FF478F22F8B23B001DC170 /* AppDelegate.swift */ = {isa = PBXFileReference; lastKnownFileType = sourcecode.swift; path = AppDelegate.swift; sourceTree = "<group>"; };
		77FF479422F8B23B001DC170 /* Base */ = {isa = PBXFileReference; lastKnownFileType = file.storyboard; name = Base; path = Base.lproj/Main.storyboard; sourceTree = "<group>"; };
		77FF479622F8B23C001DC170 /* Assets.xcassets */ = {isa = PBXFileReference; lastKnownFileType = folder.assetcatalog; path = Assets.xcassets; sourceTree = "<group>"; };
		77FF479922F8B23C001DC170 /* Base */ = {isa = PBXFileReference; lastKnownFileType = file.storyboard; name = Base; path = Base.lproj/LaunchScreen.storyboard; sourceTree = "<group>"; };
		77FF479B22F8B23C001DC170 /* Info.plist */ = {isa = PBXFileReference; lastKnownFileType = text.plist.xml; path = Info.plist; sourceTree = "<group>"; };
		77FF47A122F8B26D001DC170 /* model */ = {isa = PBXFileReference; lastKnownFileType = folder; path = model; sourceTree = "<group>"; };
		77FF47A222F8B26D001DC170 /* Insert3D.swift */ = {isa = PBXFileReference; fileEncoding = 4; lastKnownFileType = sourcecode.swift; path = Insert3D.swift; sourceTree = "<group>"; };
		77FF47A322F8B26D001DC170 /* ViewController.swift */ = {isa = PBXFileReference; fileEncoding = 4; lastKnownFileType = sourcecode.swift; path = ViewController.swift; sourceTree = "<group>"; };
/* End PBXFileReference section */

/* Begin PBXFrameworksBuildPhase section */
		77FF478922F8B23B001DC170 /* Frameworks */ = {
			isa = PBXFrameworksBuildPhase;
			buildActionMask = 2147483647;
			files = (
			);
			runOnlyForDeploymentPostprocessing = 0;
		};
/* End PBXFrameworksBuildPhase section */

/* Begin PBXGroup section */
		77FF478322F8B23B001DC170 = {
			isa = PBXGroup;
			children = (
				77FF478E22F8B23B001DC170 /* Insert3D-ios */,
				77FF478D22F8B23B001DC170 /* Products */,
			);
			sourceTree = "<group>";
		};
		77FF478D22F8B23B001DC170 /* Products */ = {
			isa = PBXGroup;
			children = (
				77FF478C22F8B23B001DC170 /* Insert3D-ios.app */,
			);
			name = Products;
			sourceTree = "<group>";
		};
		77FF478E22F8B23B001DC170 /* Insert3D-ios */ = {
			isa = PBXGroup;
			children = (
				77FF478F22F8B23B001DC170 /* AppDelegate.swift */,
				77FF479322F8B23B001DC170 /* Main.storyboard */,
				77FF47A322F8B26D001DC170 /* ViewController.swift */,
				77FF47A222F8B26D001DC170 /* Insert3D.swift */,
				77FF47A122F8B26D001DC170 /* model */,
				77FF479622F8B23C001DC170 /* Assets.xcassets */,
				77FF479822F8B23C001DC170 /* LaunchScreen.storyboard */,
				77FF479B22F8B23C001DC170 /* Info.plist */,
			);
			path = "Insert3D-ios";
			sourceTree = "<group>";
		};
/* End PBXGroup section */

/* Begin PBXNativeTarget section */
		77FF478B22F8B23B001DC170 /* Insert3D-ios */ = {
			isa = PBXNativeTarget;
			buildConfigurationList = 77FF479E22F8B23C001DC170 /* Build configuration list for PBXNativeTarget "Insert3D-ios" */;
			buildPhases = (
				77FF478822F8B23B001DC170 /* Sources */,
				77FF478922F8B23B001DC170 /* Frameworks */,
				77FF478A22F8B23B001DC170 /* Resources */,
			);
			buildRules = (
			);
			dependencies = (
			);
			name = "Insert3D-ios";
			productName = "Insert3D-ios";
			productReference = 77FF478C22F8B23B001DC170 /* Insert3D-ios.app */;
			productType = "com.apple.product-type.application";
		};
/* End PBXNativeTarget section */

/* Begin PBXProject section */
		77FF478422F8B23B001DC170 /* Project object */ = {
			isa = PBXProject;
			attributes = {
				LastSwiftUpdateCheck = 1020;
				LastUpgradeCheck = 1020;
				ORGANIZATIONNAME = Viktor;
				TargetAttributes = {
					77FF478B22F8B23B001DC170 = {
						CreatedOnToolsVersion = 10.2.1;
					};
				};
			};
			buildConfigurationList = 77FF478722F8B23B001DC170 /* Build configuration list for PBXProject "Insert3D-ios" */;
			compatibilityVersion = "Xcode 9.3";
			developmentRegion = en;
			hasScannedForEncodings = 0;
			knownRegions = (
				en,
				Base,
			);
			mainGroup = 77FF478322F8B23B001DC170;
			productRefGroup = 77FF478D22F8B23B001DC170 /* Products */;
			projectDirPath = "";
			projectRoot = "";
			targets = (
				77FF478B22F8B23B001DC170 /* Insert3D-ios */,
			);
		};
/* End PBXProject section */

/* Begin PBXResourcesBuildPhase section */
		77FF478A22F8B23B001DC170 /* Resources */ = {
			isa = PBXResourcesBuildPhase;
			buildActionMask = 2147483647;
			files = (
				77FF479A22F8B23C001DC170 /* LaunchScreen.storyboard in Resources */,
				77FF479722F8B23C001DC170 /* Assets.xcassets in Resources */,
				77FF47A422F8B26D001DC170 /* model in Resources */,
				77FF479522F8B23B001DC170 /* Main.storyboard in Resources */,
			);
			runOnlyForDeploymentPostprocessing = 0;
		};
/* End PBXResourcesBuildPhase section */

/* Begin PBXSourcesBuildPhase section */
		77FF478822F8B23B001DC170 /* Sources */ = {
			isa = PBXSourcesBuildPhase;
			buildActionMask = 2147483647;
			files = (
				77FF47A622F8B26D001DC170 /* ViewController.swift in Sources */,
				77FF479022F8B23B001DC170 /* AppDelegate.swift in Sources */,
				77FF47A522F8B26D001DC170 /* Insert3D.swift in Sources */,
			);
			runOnlyForDeploymentPostprocessing = 0;
		};
/* End PBXSourcesBuildPhase section */

/* Begin PBXVariantGroup section */
		77FF479322F8B23B001DC170 /* Main.storyboard */ = {
			isa = PBXVariantGroup;
			children = (
				77FF479422F8B23B001DC170 /* Base */,
			);
			name = Main.storyboard;
			sourceTree = "<group>";
		};
		77FF479822F8B23C001DC170 /* LaunchScreen.storyboard */ = {
			isa = PBXVariantGroup;
			children = (
				77FF479922F8B23C001DC170 /* Base */,
			);
			name = LaunchScreen.storyboard;
			sourceTree = "<group>";
		};
/* End PBXVariantGroup section */

/* Begin XCBuildConfiguration section */
		77FF479C22F8B23C001DC170 /* Debug */ = {
			isa = XCBuildConfiguration;
			buildSettings = {
				ALWAYS_SEARCH_USER_PATHS = NO;
				CLANG_ANALYZER_NONNULL = YES;
				CLANG_ANALYZER_NUMBER_OBJECT_CONVERSION = YES_AGGRESSIVE;
				CLANG_CXX_LANGUAGE_STANDARD = "gnu++14";
				CLANG_CXX_LIBRARY = "libc++";
				CLANG_ENABLE_MODULES = YES;
				CLANG_ENABLE_OBJC_ARC = YES;
				CLANG_ENABLE_OBJC_WEAK = YES;
				CLANG_WARN_BLOCK_CAPTURE_AUTORELEASING = YES;
				CLANG_WARN_BOOL_CONVERSION = YES;
				CLANG_WARN_COMMA = YES;
				CLANG_WARN_CONSTANT_CONVERSION = YES;
				CLANG_WARN_DEPRECATED_OBJC_IMPLEMENTATIONS = YES;
				CLANG_WARN_DIRECT_OBJC_ISA_USAGE = YES_ERROR;
				CLANG_WARN_DOCUMENTATION_COMMENTS = YES;
				CLANG_WARN_EMPTY_BODY = YES;
				CLANG_WARN_ENUM_CONVERSION = YES;
				CLANG_WARN_INFINITE_RECURSION = YES;
				CLANG_WARN_INT_CONVERSION = YES;
				CLANG_WARN_NON_LITERAL_NULL_CONVERSION = YES;
				CLANG_WARN_OBJC_IMPLICIT_RETAIN_SELF = YES;
				CLANG_WARN_OBJC_LITERAL_CONVERSION = YES;
				CLANG_WARN_OBJC_ROOT_CLASS = YES_ERROR;
				CLANG_WARN_RANGE_LOOP_ANALYSIS = YES;
				CLANG_WARN_STRICT_PROTOTYPES = YES;
				CLANG_WARN_SUSPICIOUS_MOVE = YES;
				CLANG_WARN_UNGUARDED_AVAILABILITY = YES_AGGRESSIVE;
				CLANG_WARN_UNREACHABLE_CODE = YES;
				CLANG_WARN__DUPLICATE_METHOD_MATCH = YES;
				CODE_SIGN_IDENTITY = "iPhone Developer";
				COPY_PHASE_STRIP = NO;
				DEBUG_INFORMATION_FORMAT = dwarf;
				ENABLE_STRICT_OBJC_MSGSEND = YES;
				ENABLE_TESTABILITY = YES;
				GCC_C_LANGUAGE_STANDARD = gnu11;
				GCC_DYNAMIC_NO_PIC = NO;
				GCC_NO_COMMON_BLOCKS = YES;
				GCC_OPTIMIZATION_LEVEL = 0;
				GCC_PREPROCESSOR_DEFINITIONS = (
					"DEBUG=1",
					"$(inherited)",
				);
				GCC_WARN_64_TO_32_BIT_CONVERSION = YES;
				GCC_WARN_ABOUT_RETURN_TYPE = YES_ERROR;
				GCC_WARN_UNDECLARED_SELECTOR = YES;
				GCC_WARN_UNINITIALIZED_AUTOS = YES_AGGRESSIVE;
				GCC_WARN_UNUSED_FUNCTION = YES;
				GCC_WARN_UNUSED_VARIABLE = YES;
				IPHONEOS_DEPLOYMENT_TARGET = 12.2;
				MTL_ENABLE_DEBUG_INFO = INCLUDE_SOURCE;
				MTL_FAST_MATH = YES;
				ONLY_ACTIVE_ARCH = YES;
				SDKROOT = iphoneos;
				SWIFT_ACTIVE_COMPILATION_CONDITIONS = DEBUG;
				SWIFT_OPTIMIZATION_LEVEL = "-Onone";
			};
			name = Debug;
		};
		77FF479D22F8B23C001DC170 /* Release */ = {
			isa = XCBuildConfiguration;
			buildSettings = {
				ALWAYS_SEARCH_USER_PATHS = NO;
				CLANG_ANALYZER_NONNULL = YES;
				CLANG_ANALYZER_NUMBER_OBJECT_CONVERSION = YES_AGGRESSIVE;
				CLANG_CXX_LANGUAGE_STANDARD = "gnu++14";
				CLANG_CXX_LIBRARY = "libc++";
				CLANG_ENABLE_MODULES = YES;
				CLANG_ENABLE_OBJC_ARC = YES;
				CLANG_ENABLE_OBJC_WEAK = YES;
				CLANG_WARN_BLOCK_CAPTURE_AUTORELEASING = YES;
				CLANG_WARN_BOOL_CONVERSION = YES;
				CLANG_WARN_COMMA = YES;
				CLANG_WARN_CONSTANT_CONVERSION = YES;
				CLANG_WARN_DEPRECATED_OBJC_IMPLEMENTATIONS = YES;
				CLANG_WARN_DIRECT_OBJC_ISA_USAGE = YES_ERROR;
				CLANG_WARN_DOCUMENTATION_COMMENTS = YES;
				CLANG_WARN_EMPTY_BODY = YES;
				CLANG_WARN_ENUM_CONVERSION = YES;
				CLANG_WARN_INFINITE_RECURSION = YES;
				CLANG_WARN_INT_CONVERSION = YES;
				CLANG_WARN_NON_LITERAL_NULL_CONVERSION = YES;
				CLANG_WARN_OBJC_IMPLICIT_RETAIN_SELF = YES;
				CLANG_WARN_OBJC_LITERAL_CONVERSION = YES;
				CLANG_WARN_OBJC_ROOT_CLASS = YES_ERROR;
				CLANG_WARN_RANGE_LOOP_ANALYSIS = YES;
				CLANG_WARN_STRICT_PROTOTYPES = YES;
				CLANG_WARN_SUSPICIOUS_MOVE = YES;
				CLANG_WARN_UNGUARDED_AVAILABILITY = YES_AGGRESSIVE;
				CLANG_WARN_UNREACHABLE_CODE = YES;
				CLANG_WARN__DUPLICATE_METHOD_MATCH = YES;
				CODE_SIGN_IDENTITY = "iPhone Developer";
				COPY_PHASE_STRIP = NO;
				DEBUG_INFORMATION_FORMAT = "dwarf-with-dsym";
				ENABLE_NS_ASSERTIONS = NO;
				ENABLE_STRICT_OBJC_MSGSEND = YES;
				GCC_C_LANGUAGE_STANDARD = gnu11;
				GCC_NO_COMMON_BLOCKS = YES;
				GCC_WARN_64_TO_32_BIT_CONVERSION = YES;
				GCC_WARN_ABOUT_RETURN_TYPE = YES_ERROR;
				GCC_WARN_UNDECLARED_SELECTOR = YES;
				GCC_WARN_UNINITIALIZED_AUTOS = YES_AGGRESSIVE;
				GCC_WARN_UNUSED_FUNCTION = YES;
				GCC_WARN_UNUSED_VARIABLE = YES;
				IPHONEOS_DEPLOYMENT_TARGET = 12.2;
				MTL_ENABLE_DEBUG_INFO = NO;
				MTL_FAST_MATH = YES;
				SDKROOT = iphoneos;
				SWIFT_COMPILATION_MODE = wholemodule;
				SWIFT_OPTIMIZATION_LEVEL = "-O";
				VALIDATE_PRODUCT = YES;
			};
			name = Release;
		};
		77FF479F22F8B23C001DC170 /* Debug */ = {
			isa = XCBuildConfiguration;
			buildSettings = {
				ASSETCATALOG_COMPILER_APPICON_NAME = AppIcon;
				CODE_SIGN_STYLE = Automatic;
				DEVELOPMENT_TEAM = C769WK8733;
				INFOPLIST_FILE = "Insert3D-ios/Info.plist";
				LD_RUNPATH_SEARCH_PATHS = (
					"$(inherited)",
					"@executable_path/Frameworks",
				);
				PRODUCT_BUNDLE_IDENTIFIER = "Viktor.Insert3D-ios";
				PRODUCT_NAME = "$(TARGET_NAME)";
				SWIFT_VERSION = 5.0;
				TARGETED_DEVICE_FAMILY = "1,2";
			};
			name = Debug;
		};
		77FF47A022F8B23C001DC170 /* Release */ = {
			isa = XCBuildConfiguration;
			buildSettings = {
				ASSETCATALOG_COMPILER_APPICON_NAME = AppIcon;
				CODE_SIGN_STYLE = Automatic;
				DEVELOPMENT_TEAM = C769WK8733;
				INFOPLIST_FILE = "Insert3D-ios/Info.plist";
				LD_RUNPATH_SEARCH_PATHS = (
					"$(inherited)",
					"@executable_path/Frameworks",
				);
				PRODUCT_BUNDLE_IDENTIFIER = "Viktor.Insert3D-ios";
				PRODUCT_NAME = "$(TARGET_NAME)";
				SWIFT_VERSION = 5.0;
				TARGETED_DEVICE_FAMILY = "1,2";
			};
			name = Release;
		};
/* End XCBuildConfiguration section */

/* Begin XCConfigurationList section */
		77FF478722F8B23B001DC170 /* Build configuration list for PBXProject "Insert3D-ios" */ = {
			isa = XCConfigurationList;
			buildConfigurations = (
				77FF479C22F8B23C001DC170 /* Debug */,
				77FF479D22F8B23C001DC170 /* Release */,
			);
			defaultConfigurationIsVisible = 0;
			defaultConfigurationName = Release;
		};
		77FF479E22F8B23C001DC170 /* Build configuration list for PBXNativeTarget "Insert3D-ios" */ = {
			isa = XCConfigurationList;
			buildConfigurations = (
				77FF479F22F8B23C001DC170 /* Debug */,
				77FF47A022F8B23C001DC170 /* Release */,
			);
			defaultConfigurationIsVisible = 0;
			defaultConfigurationName = Release;
		};
/* End XCConfigurationList section */
	};
	rootObject = 77FF478422F8B23B001DC170 /* Project object */;
}
